
Microsoft Visual Studio Solution File, Format Version 12.00
# Visual Studio Version 16
VisualStudioVersion = 16.0.32228.343
MinimumVisualStudioVersion = 10.0.40219.1
Project("{FAE04EC0-301F-11D3-BF4B-00C04F79EFBC}") = "semana_4_2022", "semana_4_2022.csproj", "{EE278E92-0C3E-431E-807C-D49B98CD822E}"
EndProject
Global
	GlobalSection(SolutionConfigurationPlatforms) = preSolution
		Debug|Any CPU = Debug|Any CPU
		Release|Any CPU = Release|Any CPU
	EndGlobalSection
	GlobalSection(ProjectConfigurationPlatforms) = postSolution
		{EE278E92-0C3E-431E-807C-D49B98CD822E}.Debug|Any CPU.ActiveCfg = Debug|Any CPU
		{EE278E92-0C3E-431E-807C-D49B98CD822E}.Debug|Any CPU.Build.0 = Debug|Any CPU
		{EE278E92-0C3E-431E-807C-D49B98CD822E}.Release|Any CPU.ActiveCfg = Release|Any CPU
		{EE278E92-0C3E-431E-807C-D49B98CD822E}.Release|Any CPU.Build.0 = Release|Any CPU
	EndGlobalSection
	GlobalSection(SolutionProperties) = preSolution
		HideSolutionNode = FALSE
	EndGlobalSection
	GlobalSection(ExtensibilityGlobals) = postSolution
		SolutionGuid = {7F6AAE0B-AA68-4252-84DE-F2285DB41AF6}
	EndGlobalSection
EndGlobal
